
Microsoft Visual Studio Solution File, Format Version 12.00
# Visual Studio Version 16
VisualStudioVersion = 16.0.29613.14
MinimumVisualStudioVersion = 15.0.26124.0
Project("{9A19103F-16F7-4668-BE54-9A1E7A4F7556}") = "AspNetCore.EncryptRequest", "AspNetCore.EncryptRequest\AspNetCore.EncryptRequest.csproj", "{DE6EB2CF-C6BB-4095-8F86-81EF70E46EB6}"
EndProject
Project("{FAE04EC0-301F-11D3-BF4B-00C04F79EFBC}") = "AspNetCore.EncryptRequest.Util", "AspNetCore.EncryptRequest.Util\AspNetCore.EncryptRequest.Util.csproj", "{9CFB4D1C-3E31-4FCA-AC65-5C8A84238CE6}"
EndProject
Global
	GlobalSection(SolutionConfigurationPlatforms) = preSolution
		Debug|Any CPU = Debug|Any CPU
		Debug|x64 = Debug|x64
		Debug|x86 = Debug|x86
		Release|Any CPU = Release|Any CPU
		Release|x64 = Release|x64
		Release|x86 = Release|x86
	EndGlobalSection
	GlobalSection(ProjectConfigurationPlatforms) = postSolution
		{DE6EB2CF-C6BB-4095-8F86-81EF70E46EB6}.Debug|Any CPU.ActiveCfg = Debug|Any CPU
		{DE6EB2CF-C6BB-4095-8F86-81EF70E46EB6}.Debug|Any CPU.Build.0 = Debug|Any CPU
		{DE6EB2CF-C6BB-4095-8F86-81EF70E46EB6}.Debug|x64.ActiveCfg = Debug|Any CPU
		{DE6EB2CF-C6BB-4095-8F86-81EF70E46EB6}.Debug|x64.Build.0 = Debug|Any CPU
		{DE6EB2CF-C6BB-4095-8F86-81EF70E46EB6}.Debug|x86.ActiveCfg = Debug|Any CPU
		{DE6EB2CF-C6BB-4095-8F86-81EF70E46EB6}.Debug|x86.Build.0 = Debug|Any CPU
		{DE6EB2CF-C6BB-4095-8F86-81EF70E46EB6}.Release|Any CPU.ActiveCfg = Release|Any CPU
		{DE6EB2CF-C6BB-4095-8F86-81EF70E46EB6}.Release|Any CPU.Build.0 = Release|Any CPU
		{DE6EB2CF-C6BB-4095-8F86-81EF70E46EB6}.Release|x64.ActiveCfg = Release|Any CPU
		{DE6EB2CF-C6BB-4095-8F86-81EF70E46EB6}.Release|x64.Build.0 = Release|Any CPU
		{DE6EB2CF-C6BB-4095-8F86-81EF70E46EB6}.Release|x86.ActiveCfg = Release|Any CPU
		{DE6EB2CF-C6BB-4095-8F86-81EF70E46EB6}.Release|x86.Build.0 = Release|Any CPU
		{9CFB4D1C-3E31-4FCA-AC65-5C8A84238CE6}.Debug|Any CPU.ActiveCfg = Debug|Any CPU
		{9CFB4D1C-3E31-4FCA-AC65-5C8A84238CE6}.Debug|Any CPU.Build.0 = Debug|Any CPU
		{9CFB4D1C-3E31-4FCA-AC65-5C8A84238CE6}.Debug|x64.ActiveCfg = Debug|Any CPU
		{9CFB4D1C-3E31-4FCA-AC65-5C8A84238CE6}.Debug|x64.Build.0 = Debug|Any CPU
		{9CFB4D1C-3E31-4FCA-AC65-5C8A84238CE6}.Debug|x86.ActiveCfg = Debug|Any CPU
		{9CFB4D1C-3E31-4FCA-AC65-5C8A84238CE6}.Debug|x86.Build.0 = Debug|Any CPU
		{9CFB4D1C-3E31-4FCA-AC65-5C8A84238CE6}.Release|Any CPU.ActiveCfg = Release|Any CPU
		{9CFB4D1C-3E31-4FCA-AC65-5C8A84238CE6}.Release|Any CPU.Build.0 = Release|Any CPU
		{9CFB4D1C-3E31-4FCA-AC65-5C8A84238CE6}.Release|x64.ActiveCfg = Release|Any CPU
		{9CFB4D1C-3E31-4FCA-AC65-5C8A84238CE6}.Release|x64.Build.0 = Release|Any CPU
		{9CFB4D1C-3E31-4FCA-AC65-5C8A84238CE6}.Release|x86.ActiveCfg = Release|Any CPU
		{9CFB4D1C-3E31-4FCA-AC65-5C8A84238CE6}.Release|x86.Build.0 = Release|Any CPU
	EndGlobalSection
	GlobalSection(SolutionProperties) = preSolution
		HideSolutionNode = FALSE
	EndGlobalSection
	GlobalSection(ExtensibilityGlobals) = postSolution
		SolutionGuid = {419A6769-020A-44D7-9065-A8FEF3099C66}
	EndGlobalSection
EndGlobal
